
Microsoft Visual Studio Solution File, Format Version 12.00
# Visual Studio Version 16
VisualStudioVersion = 16.0.31129.286
MinimumVisualStudioVersion = 10.0.40219.1
Project("{FAE04EC0-301F-11D3-BF4B-00C04F79EFBC}") = "NavigaMagazin", "NavigaMagazin\NavigaMagazin.csproj", "{B8CC8142-8D01-47AA-A3E9-50C83A37AE77}"
EndProject
Global
	GlobalSection(SolutionConfigurationPlatforms) = preSolution
		Debug|Any CPU = Debug|Any CPU
		Release|Any CPU = Release|Any CPU
	EndGlobalSection
	GlobalSection(ProjectConfigurationPlatforms) = postSolution
		{B8CC8142-8D01-47AA-A3E9-50C83A37AE77}.Debug|Any CPU.ActiveCfg = Debug|Any CPU
		{B8CC8142-8D01-47AA-A3E9-50C83A37AE77}.Debug|Any CPU.Build.0 = Debug|Any CPU
		{B8CC8142-8D01-47AA-A3E9-50C83A37AE77}.Release|Any CPU.ActiveCfg = Release|Any CPU
		{B8CC8142-8D01-47AA-A3E9-50C83A37AE77}.Release|Any CPU.Build.0 = Release|Any CPU
	EndGlobalSection
	GlobalSection(SolutionProperties) = preSolution
		HideSolutionNode = FALSE
	EndGlobalSection
	GlobalSection(ExtensibilityGlobals) = postSolution
		SolutionGuid = {0B5E74E6-3AD9-4FE6-AE11-9970BD700F9B}
	EndGlobalSection
EndGlobal
